
Microsoft Visual Studio Solution File, Format Version 12.00
# Visual Studio Version 16
VisualStudioVersion = 16.0.30002.166
MinimumVisualStudioVersion = 10.0.40219.1
Project("{FAE04EC0-301F-11D3-BF4B-00C04F79EFBC}") = "Business", "Business\Business.csproj", "{2D604E15-054F-44E4-B481-A4CF0C668BEE}"
EndProject
Project("{FAE04EC0-301F-11D3-BF4B-00C04F79EFBC}") = "DataAccess", "DataAccess\DataAccess.csproj", "{D2768CF6-935C-4601-B506-18CB41D89BB4}"
EndProject
Project("{FAE04EC0-301F-11D3-BF4B-00C04F79EFBC}") = "Entitites", "Entitites\Entitites.csproj", "{F85471A8-D271-48CB-9630-91B516568138}"
EndProject
Project("{FAE04EC0-301F-11D3-BF4B-00C04F79EFBC}") = "Core", "Core\Core.csproj", "{7464FDC1-7781-4634-8696-18CE41C2E0ED}"
EndProject
Project("{FAE04EC0-301F-11D3-BF4B-00C04F79EFBC}") = "WebApi", "WebApi\WebApi.csproj", "{B0CC419C-68E2-429E-9373-077A3DE2378D}"
EndProject
Global
	GlobalSection(SolutionConfigurationPlatforms) = preSolution
		Debug|Any CPU = Debug|Any CPU
		Release|Any CPU = Release|Any CPU
	EndGlobalSection
	GlobalSection(ProjectConfigurationPlatforms) = postSolution
		{2D604E15-054F-44E4-B481-A4CF0C668BEE}.Debug|Any CPU.ActiveCfg = Debug|Any CPU
		{2D604E15-054F-44E4-B481-A4CF0C668BEE}.Debug|Any CPU.Build.0 = Debug|Any CPU
		{2D604E15-054F-44E4-B481-A4CF0C668BEE}.Release|Any CPU.ActiveCfg = Release|Any CPU
		{2D604E15-054F-44E4-B481-A4CF0C668BEE}.Release|Any CPU.Build.0 = Release|Any CPU
		{D2768CF6-935C-4601-B506-18CB41D89BB4}.Debug|Any CPU.ActiveCfg = Debug|Any CPU
		{D2768CF6-935C-4601-B506-18CB41D89BB4}.Debug|Any CPU.Build.0 = Debug|Any CPU
		{D2768CF6-935C-4601-B506-18CB41D89BB4}.Release|Any CPU.ActiveCfg = Release|Any CPU
		{D2768CF6-935C-4601-B506-18CB41D89BB4}.Release|Any CPU.Build.0 = Release|Any CPU
		{F85471A8-D271-48CB-9630-91B516568138}.Debug|Any CPU.ActiveCfg = Debug|Any CPU
		{F85471A8-D271-48CB-9630-91B516568138}.Debug|Any CPU.Build.0 = Debug|Any CPU
		{F85471A8-D271-48CB-9630-91B516568138}.Release|Any CPU.ActiveCfg = Release|Any CPU
		{F85471A8-D271-48CB-9630-91B516568138}.Release|Any CPU.Build.0 = Release|Any CPU
		{7464FDC1-7781-4634-8696-18CE41C2E0ED}.Debug|Any CPU.ActiveCfg = Debug|Any CPU
		{7464FDC1-7781-4634-8696-18CE41C2E0ED}.Debug|Any CPU.Build.0 = Debug|Any CPU
		{7464FDC1-7781-4634-8696-18CE41C2E0ED}.Release|Any CPU.ActiveCfg = Release|Any CPU
		{7464FDC1-7781-4634-8696-18CE41C2E0ED}.Release|Any CPU.Build.0 = Release|Any CPU
		{B0CC419C-68E2-429E-9373-077A3DE2378D}.Debug|Any CPU.ActiveCfg = Debug|Any CPU
		{B0CC419C-68E2-429E-9373-077A3DE2378D}.Debug|Any CPU.Build.0 = Debug|Any CPU
		{B0CC419C-68E2-429E-9373-077A3DE2378D}.Release|Any CPU.ActiveCfg = Release|Any CPU
		{B0CC419C-68E2-429E-9373-077A3DE2378D}.Release|Any CPU.Build.0 = Release|Any CPU
	EndGlobalSection
	GlobalSection(SolutionProperties) = preSolution
		HideSolutionNode = FALSE
	EndGlobalSection
	GlobalSection(ExtensibilityGlobals) = postSolution
		SolutionGuid = {2A45E70A-F99D-4E05-A523-83862606BF0A}
	EndGlobalSection
EndGlobal
